
Microsoft Visual Studio Solution File, Format Version 12.00
# Visual Studio 14
VisualStudioVersion = 14.0.25420.1
MinimumVisualStudioVersion = 10.0.40219.1
Project("{8BC9CEB8-8B4A-11D0-8D11-00A0C91BC942}") = "Prj01", "Prj01\Prj01.vcxproj", "{EE779D28-9562-432E-8AB5-69EDD67D7B09}"
EndProject
Project("{8BC9CEB8-8B4A-11D0-8D11-00A0C91BC942}") = "Prj02", "Prj02\Prj02.vcxproj", "{F4ED9F7C-0902-4E9D-86BF-22C2E01F9320}"
EndProject
Project("{8BC9CEB8-8B4A-11D0-8D11-00A0C91BC942}") = "Prj03", "multipleof3.c\multipleof3.c.vcxproj", "{0585DBF1-22BD-4F08-A4B0-ECA7B08D5F5C}"
EndProject
Project("{8BC9CEB8-8B4A-11D0-8D11-00A0C91BC942}") = "Prj04", "Prj04\Prj04.vcxproj", "{2E69A81F-4674-4058-B273-B0129183D15E}"
EndProject
Project("{8BC9CEB8-8B4A-11D0-8D11-00A0C91BC942}") = "Prj05", "Prj05\Prj05.vcxproj", "{857B5C67-F79C-455E-A9A1-E5AF667FB9B4}"
EndProject
Project("{8BC9CEB8-8B4A-11D0-8D11-00A0C91BC942}") = "Prj06", "Prj06\Prj06.vcxproj", "{8480B67D-2DB4-4EA9-B804-2BB989BB904F}"
EndProject
Project("{8BC9CEB8-8B4A-11D0-8D11-00A0C91BC942}") = "Prj07", "Prj07\Prj07.vcxproj", "{7DE7460A-9B85-400B-8BDA-E512F33EE4FA}"
EndProject
Project("{8BC9CEB8-8B4A-11D0-8D11-00A0C91BC942}") = "Prj08", "Prj08\Prj08.vcxproj", "{8098EE54-9B9D-40CF-B6E1-EF9AFCD6E7D5}"
EndProject
Project("{8BC9CEB8-8B4A-11D0-8D11-00A0C91BC942}") = "Prj09", "Prj09\Prj09.vcxproj", "{3B1AEE6C-E294-4C08-A337-C2CB3CCBFE4E}"
EndProject
Project("{8BC9CEB8-8B4A-11D0-8D11-00A0C91BC942}") = "Prj10", "Prj10\Prj10.vcxproj", "{B5DD3337-B520-4E9C-A9D3-7577CC4E6382}"
EndProject
Global
	GlobalSection(SolutionConfigurationPlatforms) = preSolution
		Debug|x64 = Debug|x64
		Debug|x86 = Debug|x86
		Release|x64 = Release|x64
		Release|x86 = Release|x86
	EndGlobalSection
	GlobalSection(ProjectConfigurationPlatforms) = postSolution
		{EE779D28-9562-432E-8AB5-69EDD67D7B09}.Debug|x64.ActiveCfg = Debug|x64
		{EE779D28-9562-432E-8AB5-69EDD67D7B09}.Debug|x64.Build.0 = Debug|x64
		{EE779D28-9562-432E-8AB5-69EDD67D7B09}.Debug|x86.ActiveCfg = Debug|Win32
		{EE779D28-9562-432E-8AB5-69EDD67D7B09}.Debug|x86.Build.0 = Debug|Win32
		{EE779D28-9562-432E-8AB5-69EDD67D7B09}.Release|x64.ActiveCfg = Release|x64
		{EE779D28-9562-432E-8AB5-69EDD67D7B09}.Release|x64.Build.0 = Release|x64
		{EE779D28-9562-432E-8AB5-69EDD67D7B09}.Release|x86.ActiveCfg = Release|Win32
		{EE779D28-9562-432E-8AB5-69EDD67D7B09}.Release|x86.Build.0 = Release|Win32
		{F4ED9F7C-0902-4E9D-86BF-22C2E01F9320}.Debug|x64.ActiveCfg = Debug|x64
		{F4ED9F7C-0902-4E9D-86BF-22C2E01F9320}.Debug|x64.Build.0 = Debug|x64
		{F4ED9F7C-0902-4E9D-86BF-22C2E01F9320}.Debug|x86.ActiveCfg = Debug|Win32
		{F4ED9F7C-0902-4E9D-86BF-22C2E01F9320}.Debug|x86.Build.0 = Debug|Win32
		{F4ED9F7C-0902-4E9D-86BF-22C2E01F9320}.Release|x64.ActiveCfg = Release|x64
		{F4ED9F7C-0902-4E9D-86BF-22C2E01F9320}.Release|x64.Build.0 = Release|x64
		{F4ED9F7C-0902-4E9D-86BF-22C2E01F9320}.Release|x86.ActiveCfg = Release|Win32
		{F4ED9F7C-0902-4E9D-86BF-22C2E01F9320}.Release|x86.Build.0 = Release|Win32
		{0585DBF1-22BD-4F08-A4B0-ECA7B08D5F5C}.Debug|x64.ActiveCfg = Debug|x64
		{0585DBF1-22BD-4F08-A4B0-ECA7B08D5F5C}.Debug|x64.Build.0 = Debug|x64
		{0585DBF1-22BD-4F08-A4B0-ECA7B08D5F5C}.Debug|x86.ActiveCfg = Debug|Win32
		{0585DBF1-22BD-4F08-A4B0-ECA7B08D5F5C}.Debug|x86.Build.0 = Debug|Win32
		{0585DBF1-22BD-4F08-A4B0-ECA7B08D5F5C}.Release|x64.ActiveCfg = Release|x64
		{0585DBF1-22BD-4F08-A4B0-ECA7B08D5F5C}.Release|x64.Build.0 = Release|x64
		{0585DBF1-22BD-4F08-A4B0-ECA7B08D5F5C}.Release|x86.ActiveCfg = Release|Win32
		{0585DBF1-22BD-4F08-A4B0-ECA7B08D5F5C}.Release|x86.Build.0 = Release|Win32
		{2E69A81F-4674-4058-B273-B0129183D15E}.Debug|x64.ActiveCfg = Debug|x64
		{2E69A81F-4674-4058-B273-B0129183D15E}.Debug|x64.Build.0 = Debug|x64
		{2E69A81F-4674-4058-B273-B0129183D15E}.Debug|x86.ActiveCfg = Debug|Win32
		{2E69A81F-4674-4058-B273-B0129183D15E}.Debug|x86.Build.0 = Debug|Win32
		{2E69A81F-4674-4058-B273-B0129183D15E}.Release|x64.ActiveCfg = Release|x64
		{2E69A81F-4674-4058-B273-B0129183D15E}.Release|x64.Build.0 = Release|x64
		{2E69A81F-4674-4058-B273-B0129183D15E}.Release|x86.ActiveCfg = Release|Win32
		{2E69A81F-4674-4058-B273-B0129183D15E}.Release|x86.Build.0 = Release|Win32
		{857B5C67-F79C-455E-A9A1-E5AF667FB9B4}.Debug|x64.ActiveCfg = Debug|x64
		{857B5C67-F79C-455E-A9A1-E5AF667FB9B4}.Debug|x64.Build.0 = Debug|x64
		{857B5C67-F79C-455E-A9A1-E5AF667FB9B4}.Debug|x86.ActiveCfg = Debug|Win32
		{857B5C67-F79C-455E-A9A1-E5AF667FB9B4}.Debug|x86.Build.0 = Debug|Win32
		{857B5C67-F79C-455E-A9A1-E5AF667FB9B4}.Release|x64.ActiveCfg = Release|x64
		{857B5C67-F79C-455E-A9A1-E5AF667FB9B4}.Release|x64.Build.0 = Release|x64
		{857B5C67-F79C-455E-A9A1-E5AF667FB9B4}.Release|x86.ActiveCfg = Release|Win32
		{857B5C67-F79C-455E-A9A1-E5AF667FB9B4}.Release|x86.Build.0 = Release|Win32
		{8480B67D-2DB4-4EA9-B804-2BB989BB904F}.Debug|x64.ActiveCfg = Debug|x64
		{8480B67D-2DB4-4EA9-B804-2BB989BB904F}.Debug|x64.Build.0 = Debug|x64
		{8480B67D-2DB4-4EA9-B804-2BB989BB904F}.Debug|x86.ActiveCfg = Debug|Win32
		{8480B67D-2DB4-4EA9-B804-2BB989BB904F}.Debug|x86.Build.0 = Debug|Win32
		{8480B67D-2DB4-4EA9-B804-2BB989BB904F}.Release|x64.ActiveCfg = Release|x64
		{8480B67D-2DB4-4EA9-B804-2BB989BB904F}.Release|x64.Build.0 = Release|x64
		{8480B67D-2DB4-4EA9-B804-2BB989BB904F}.Release|x86.ActiveCfg = Release|Win32
		{8480B67D-2DB4-4EA9-B804-2BB989BB904F}.Release|x86.Build.0 = Release|Win32
		{7DE7460A-9B85-400B-8BDA-E512F33EE4FA}.Debug|x64.ActiveCfg = Debug|x64
		{7DE7460A-9B85-400B-8BDA-E512F33EE4FA}.Debug|x64.Build.0 = Debug|x64
		{7DE7460A-9B85-400B-8BDA-E512F33EE4FA}.Debug|x86.ActiveCfg = Debug|Win32
		{7DE7460A-9B85-400B-8BDA-E512F33EE4FA}.Debug|x86.Build.0 = Debug|Win32
		{7DE7460A-9B85-400B-8BDA-E512F33EE4FA}.Release|x64.ActiveCfg = Release|x64
		{7DE7460A-9B85-400B-8BDA-E512F33EE4FA}.Release|x64.Build.0 = Release|x64
		{7DE7460A-9B85-400B-8BDA-E512F33EE4FA}.Release|x86.ActiveCfg = Release|Win32
		{7DE7460A-9B85-400B-8BDA-E512F33EE4FA}.Release|x86.Build.0 = Release|Win32
		{8098EE54-9B9D-40CF-B6E1-EF9AFCD6E7D5}.Debug|x64.ActiveCfg = Debug|x64
		{8098EE54-9B9D-40CF-B6E1-EF9AFCD6E7D5}.Debug|x64.Build.0 = Debug|x64
		{8098EE54-9B9D-40CF-B6E1-EF9AFCD6E7D5}.Debug|x86.ActiveCfg = Debug|Win32
		{8098EE54-9B9D-40CF-B6E1-EF9AFCD6E7D5}.Debug|x86.Build.0 = Debug|Win32
		{8098EE54-9B9D-40CF-B6E1-EF9AFCD6E7D5}.Release|x64.ActiveCfg = Release|x64
		{8098EE54-9B9D-40CF-B6E1-EF9AFCD6E7D5}.Release|x64.Build.0 = Release|x64
		{8098EE54-9B9D-40CF-B6E1-EF9AFCD6E7D5}.Release|x86.ActiveCfg = Release|Win32
		{8098EE54-9B9D-40CF-B6E1-EF9AFCD6E7D5}.Release|x86.Build.0 = Release|Win32
		{3B1AEE6C-E294-4C08-A337-C2CB3CCBFE4E}.Debug|x64.ActiveCfg = Debug|x64
		{3B1AEE6C-E294-4C08-A337-C2CB3CCBFE4E}.Debug|x64.Build.0 = Debug|x64
		{3B1AEE6C-E294-4C08-A337-C2CB3CCBFE4E}.Debug|x86.ActiveCfg = Debug|Win32
		{3B1AEE6C-E294-4C08-A337-C2CB3CCBFE4E}.Debug|x86.Build.0 = Debug|Win32
		{3B1AEE6C-E294-4C08-A337-C2CB3CCBFE4E}.Release|x64.ActiveCfg = Release|x64
		{3B1AEE6C-E294-4C08-A337-C2CB3CCBFE4E}.Release|x64.Build.0 = Release|x64
		{3B1AEE6C-E294-4C08-A337-C2CB3CCBFE4E}.Release|x86.ActiveCfg = Release|Win32
		{3B1AEE6C-E294-4C08-A337-C2CB3CCBFE4E}.Release|x86.Build.0 = Release|Win32
		{B5DD3337-B520-4E9C-A9D3-7577CC4E6382}.Debug|x64.ActiveCfg = Debug|x64
		{B5DD3337-B520-4E9C-A9D3-7577CC4E6382}.Debug|x64.Build.0 = Debug|x64
		{B5DD3337-B520-4E9C-A9D3-7577CC4E6382}.Debug|x86.ActiveCfg = Debug|Win32
		{B5DD3337-B520-4E9C-A9D3-7577CC4E6382}.Debug|x86.Build.0 = Debug|Win32
		{B5DD3337-B520-4E9C-A9D3-7577CC4E6382}.Release|x64.ActiveCfg = Release|x64
		{B5DD3337-B520-4E9C-A9D3-7577CC4E6382}.Release|x64.Build.0 = Release|x64
		{B5DD3337-B520-4E9C-A9D3-7577CC4E6382}.Release|x86.ActiveCfg = Release|Win32
		{B5DD3337-B520-4E9C-A9D3-7577CC4E6382}.Release|x86.Build.0 = Release|Win32
	EndGlobalSection
	GlobalSection(SolutionProperties) = preSolution
		HideSolutionNode = FALSE
	EndGlobalSection
EndGlobal
