
Microsoft Visual Studio Solution File, Format Version 12.00
# Visual Studio 14
VisualStudioVersion = 14.0.25420.1
MinimumVisualStudioVersion = 10.0.40219.1
Project("{8BC9CEB8-8B4A-11D0-8D11-00A0C91BC942}") = "First C Project", "First C Project\First C Project.vcxproj", "{96E21EE1-5638-4EBA-940A-50AA2D641C49}"
EndProject
Project("{8BC9CEB8-8B4A-11D0-8D11-00A0C91BC942}") = "Secend C Project", "Secend C Project\Secend C Project.vcxproj", "{04F99F0E-CCDA-4F38-BE3D-BDA2264F425E}"
EndProject
Project("{8BC9CEB8-8B4A-11D0-8D11-00A0C91BC942}") = "Third C Project", "Third C Project\Third C Project.vcxproj", "{86F8ED34-7E61-4935-9B23-E90AECC37BA4}"
EndProject
Project("{8BC9CEB8-8B4A-11D0-8D11-00A0C91BC942}") = "4th C Project", "4th C Project\4th C Project.vcxproj", "{A553A347-0928-405A-8FBE-88452B912104}"
EndProject
Global
	GlobalSection(SolutionConfigurationPlatforms) = preSolution
		Debug|x64 = Debug|x64
		Debug|x86 = Debug|x86
		Release|x64 = Release|x64
		Release|x86 = Release|x86
	EndGlobalSection
	GlobalSection(ProjectConfigurationPlatforms) = postSolution
		{96E21EE1-5638-4EBA-940A-50AA2D641C49}.Debug|x64.ActiveCfg = Debug|x64
		{96E21EE1-5638-4EBA-940A-50AA2D641C49}.Debug|x64.Build.0 = Debug|x64
		{96E21EE1-5638-4EBA-940A-50AA2D641C49}.Debug|x86.ActiveCfg = Debug|Win32
		{96E21EE1-5638-4EBA-940A-50AA2D641C49}.Debug|x86.Build.0 = Debug|Win32
		{96E21EE1-5638-4EBA-940A-50AA2D641C49}.Release|x64.ActiveCfg = Release|x64
		{96E21EE1-5638-4EBA-940A-50AA2D641C49}.Release|x64.Build.0 = Release|x64
		{96E21EE1-5638-4EBA-940A-50AA2D641C49}.Release|x86.ActiveCfg = Release|Win32
		{96E21EE1-5638-4EBA-940A-50AA2D641C49}.Release|x86.Build.0 = Release|Win32
		{04F99F0E-CCDA-4F38-BE3D-BDA2264F425E}.Debug|x64.ActiveCfg = Debug|x64
		{04F99F0E-CCDA-4F38-BE3D-BDA2264F425E}.Debug|x64.Build.0 = Debug|x64
		{04F99F0E-CCDA-4F38-BE3D-BDA2264F425E}.Debug|x86.ActiveCfg = Debug|Win32
		{04F99F0E-CCDA-4F38-BE3D-BDA2264F425E}.Debug|x86.Build.0 = Debug|Win32
		{04F99F0E-CCDA-4F38-BE3D-BDA2264F425E}.Release|x64.ActiveCfg = Release|x64
		{04F99F0E-CCDA-4F38-BE3D-BDA2264F425E}.Release|x64.Build.0 = Release|x64
		{04F99F0E-CCDA-4F38-BE3D-BDA2264F425E}.Release|x86.ActiveCfg = Release|Win32
		{04F99F0E-CCDA-4F38-BE3D-BDA2264F425E}.Release|x86.Build.0 = Release|Win32
		{86F8ED34-7E61-4935-9B23-E90AECC37BA4}.Debug|x64.ActiveCfg = Debug|x64
		{86F8ED34-7E61-4935-9B23-E90AECC37BA4}.Debug|x64.Build.0 = Debug|x64
		{86F8ED34-7E61-4935-9B23-E90AECC37BA4}.Debug|x86.ActiveCfg = Debug|Win32
		{86F8ED34-7E61-4935-9B23-E90AECC37BA4}.Debug|x86.Build.0 = Debug|Win32
		{86F8ED34-7E61-4935-9B23-E90AECC37BA4}.Release|x64.ActiveCfg = Release|x64
		{86F8ED34-7E61-4935-9B23-E90AECC37BA4}.Release|x64.Build.0 = Release|x64
		{86F8ED34-7E61-4935-9B23-E90AECC37BA4}.Release|x86.ActiveCfg = Release|Win32
		{86F8ED34-7E61-4935-9B23-E90AECC37BA4}.Release|x86.Build.0 = Release|Win32
		{A553A347-0928-405A-8FBE-88452B912104}.Debug|x64.ActiveCfg = Debug|x64
		{A553A347-0928-405A-8FBE-88452B912104}.Debug|x64.Build.0 = Debug|x64
		{A553A347-0928-405A-8FBE-88452B912104}.Debug|x86.ActiveCfg = Debug|Win32
		{A553A347-0928-405A-8FBE-88452B912104}.Debug|x86.Build.0 = Debug|Win32
		{A553A347-0928-405A-8FBE-88452B912104}.Release|x64.ActiveCfg = Release|x64
		{A553A347-0928-405A-8FBE-88452B912104}.Release|x64.Build.0 = Release|x64
		{A553A347-0928-405A-8FBE-88452B912104}.Release|x86.ActiveCfg = Release|Win32
		{A553A347-0928-405A-8FBE-88452B912104}.Release|x86.Build.0 = Release|Win32
	EndGlobalSection
	GlobalSection(SolutionProperties) = preSolution
		HideSolutionNode = FALSE
	EndGlobalSection
EndGlobal
