
Microsoft Visual Studio Solution File, Format Version 12.00
# Visual Studio 14
VisualStudioVersion = 14.0.25420.1
MinimumVisualStudioVersion = 10.0.40219.1
Project("{8BC9CEB8-8B4A-11D0-8D11-00A0C91BC942}") = "1", "4th C Project\4th C Project.vcxproj", "{0400BE9A-7AA9-40FC-A0FB-717E5B21CA3F}"
EndProject
Project("{8BC9CEB8-8B4A-11D0-8D11-00A0C91BC942}") = "2", "2\2.vcxproj", "{CFAEAF1D-E6A1-4BCB-82E0-9A623E1FF0A3}"
EndProject
Project("{8BC9CEB8-8B4A-11D0-8D11-00A0C91BC942}") = "3", "3\3.vcxproj", "{3271C0BB-991C-40C6-B7E2-E382D4102359}"
EndProject
Project("{8BC9CEB8-8B4A-11D0-8D11-00A0C91BC942}") = "4", "4\4.vcxproj", "{A1E873F0-E97F-4C22-8C21-04C57FDF4B87}"
EndProject
Project("{8BC9CEB8-8B4A-11D0-8D11-00A0C91BC942}") = "5", "5\5.vcxproj", "{366517BF-5F2E-4004-97DE-AAA49E41CAF4}"
EndProject
Project("{8BC9CEB8-8B4A-11D0-8D11-00A0C91BC942}") = "6", "6\6.vcxproj", "{74C2A262-D41B-4173-9C41-9782039C6690}"
EndProject
Project("{8BC9CEB8-8B4A-11D0-8D11-00A0C91BC942}") = "7", "7\7.vcxproj", "{B883DB29-FE02-48D4-AC72-D86D867ABD66}"
EndProject
Project("{8BC9CEB8-8B4A-11D0-8D11-00A0C91BC942}") = "8", "8\8.vcxproj", "{99B52F3A-17E6-4FF1-985C-F92EC3380E48}"
EndProject
Project("{8BC9CEB8-8B4A-11D0-8D11-00A0C91BC942}") = "9", "9\9.vcxproj", "{1DDE51EA-90C9-4151-A584-292E06EB37F4}"
EndProject
Project("{8BC9CEB8-8B4A-11D0-8D11-00A0C91BC942}") = "10", "10\10.vcxproj", "{68F468B5-A009-4AE1-AA6F-67E79FA330F7}"
EndProject
Project("{8BC9CEB8-8B4A-11D0-8D11-00A0C91BC942}") = "11", "11\11.vcxproj", "{2C704C2F-9D43-4057-BDF6-6D77144B666C}"
EndProject
Project("{8BC9CEB8-8B4A-11D0-8D11-00A0C91BC942}") = "12", "12\12.vcxproj", "{8F6A1A91-35DD-4360-8C78-7DB13D05AF5F}"
EndProject
Project("{8BC9CEB8-8B4A-11D0-8D11-00A0C91BC942}") = "13", "13\13.vcxproj", "{1EA7D534-5BAE-4EFB-A716-D8F7309A0296}"
EndProject
Global
	GlobalSection(SolutionConfigurationPlatforms) = preSolution
		Debug|x64 = Debug|x64
		Debug|x86 = Debug|x86
		Release|x64 = Release|x64
		Release|x86 = Release|x86
	EndGlobalSection
	GlobalSection(ProjectConfigurationPlatforms) = postSolution
		{0400BE9A-7AA9-40FC-A0FB-717E5B21CA3F}.Debug|x64.ActiveCfg = Debug|x64
		{0400BE9A-7AA9-40FC-A0FB-717E5B21CA3F}.Debug|x64.Build.0 = Debug|x64
		{0400BE9A-7AA9-40FC-A0FB-717E5B21CA3F}.Debug|x86.ActiveCfg = Debug|Win32
		{0400BE9A-7AA9-40FC-A0FB-717E5B21CA3F}.Debug|x86.Build.0 = Debug|Win32
		{0400BE9A-7AA9-40FC-A0FB-717E5B21CA3F}.Release|x64.ActiveCfg = Release|x64
		{0400BE9A-7AA9-40FC-A0FB-717E5B21CA3F}.Release|x64.Build.0 = Release|x64
		{0400BE9A-7AA9-40FC-A0FB-717E5B21CA3F}.Release|x86.ActiveCfg = Release|Win32
		{0400BE9A-7AA9-40FC-A0FB-717E5B21CA3F}.Release|x86.Build.0 = Release|Win32
		{CFAEAF1D-E6A1-4BCB-82E0-9A623E1FF0A3}.Debug|x64.ActiveCfg = Debug|x64
		{CFAEAF1D-E6A1-4BCB-82E0-9A623E1FF0A3}.Debug|x64.Build.0 = Debug|x64
		{CFAEAF1D-E6A1-4BCB-82E0-9A623E1FF0A3}.Debug|x86.ActiveCfg = Debug|Win32
		{CFAEAF1D-E6A1-4BCB-82E0-9A623E1FF0A3}.Debug|x86.Build.0 = Debug|Win32
		{CFAEAF1D-E6A1-4BCB-82E0-9A623E1FF0A3}.Release|x64.ActiveCfg = Release|x64
		{CFAEAF1D-E6A1-4BCB-82E0-9A623E1FF0A3}.Release|x64.Build.0 = Release|x64
		{CFAEAF1D-E6A1-4BCB-82E0-9A623E1FF0A3}.Release|x86.ActiveCfg = Release|Win32
		{CFAEAF1D-E6A1-4BCB-82E0-9A623E1FF0A3}.Release|x86.Build.0 = Release|Win32
		{3271C0BB-991C-40C6-B7E2-E382D4102359}.Debug|x64.ActiveCfg = Debug|x64
		{3271C0BB-991C-40C6-B7E2-E382D4102359}.Debug|x64.Build.0 = Debug|x64
		{3271C0BB-991C-40C6-B7E2-E382D4102359}.Debug|x86.ActiveCfg = Debug|Win32
		{3271C0BB-991C-40C6-B7E2-E382D4102359}.Debug|x86.Build.0 = Debug|Win32
		{3271C0BB-991C-40C6-B7E2-E382D4102359}.Release|x64.ActiveCfg = Release|x64
		{3271C0BB-991C-40C6-B7E2-E382D4102359}.Release|x64.Build.0 = Release|x64
		{3271C0BB-991C-40C6-B7E2-E382D4102359}.Release|x86.ActiveCfg = Release|Win32
		{3271C0BB-991C-40C6-B7E2-E382D4102359}.Release|x86.Build.0 = Release|Win32
		{A1E873F0-E97F-4C22-8C21-04C57FDF4B87}.Debug|x64.ActiveCfg = Debug|x64
		{A1E873F0-E97F-4C22-8C21-04C57FDF4B87}.Debug|x64.Build.0 = Debug|x64
		{A1E873F0-E97F-4C22-8C21-04C57FDF4B87}.Debug|x86.ActiveCfg = Debug|Win32
		{A1E873F0-E97F-4C22-8C21-04C57FDF4B87}.Debug|x86.Build.0 = Debug|Win32
		{A1E873F0-E97F-4C22-8C21-04C57FDF4B87}.Release|x64.ActiveCfg = Release|x64
		{A1E873F0-E97F-4C22-8C21-04C57FDF4B87}.Release|x64.Build.0 = Release|x64
		{A1E873F0-E97F-4C22-8C21-04C57FDF4B87}.Release|x86.ActiveCfg = Release|Win32
		{A1E873F0-E97F-4C22-8C21-04C57FDF4B87}.Release|x86.Build.0 = Release|Win32
		{366517BF-5F2E-4004-97DE-AAA49E41CAF4}.Debug|x64.ActiveCfg = Debug|x64
		{366517BF-5F2E-4004-97DE-AAA49E41CAF4}.Debug|x64.Build.0 = Debug|x64
		{366517BF-5F2E-4004-97DE-AAA49E41CAF4}.Debug|x86.ActiveCfg = Debug|Win32
		{366517BF-5F2E-4004-97DE-AAA49E41CAF4}.Debug|x86.Build.0 = Debug|Win32
		{366517BF-5F2E-4004-97DE-AAA49E41CAF4}.Release|x64.ActiveCfg = Release|x64
		{366517BF-5F2E-4004-97DE-AAA49E41CAF4}.Release|x64.Build.0 = Release|x64
		{366517BF-5F2E-4004-97DE-AAA49E41CAF4}.Release|x86.ActiveCfg = Release|Win32
		{366517BF-5F2E-4004-97DE-AAA49E41CAF4}.Release|x86.Build.0 = Release|Win32
		{74C2A262-D41B-4173-9C41-9782039C6690}.Debug|x64.ActiveCfg = Debug|x64
		{74C2A262-D41B-4173-9C41-9782039C6690}.Debug|x64.Build.0 = Debug|x64
		{74C2A262-D41B-4173-9C41-9782039C6690}.Debug|x86.ActiveCfg = Debug|Win32
		{74C2A262-D41B-4173-9C41-9782039C6690}.Debug|x86.Build.0 = Debug|Win32
		{74C2A262-D41B-4173-9C41-9782039C6690}.Release|x64.ActiveCfg = Release|x64
		{74C2A262-D41B-4173-9C41-9782039C6690}.Release|x64.Build.0 = Release|x64
		{74C2A262-D41B-4173-9C41-9782039C6690}.Release|x86.ActiveCfg = Release|Win32
		{74C2A262-D41B-4173-9C41-9782039C6690}.Release|x86.Build.0 = Release|Win32
		{B883DB29-FE02-48D4-AC72-D86D867ABD66}.Debug|x64.ActiveCfg = Debug|x64
		{B883DB29-FE02-48D4-AC72-D86D867ABD66}.Debug|x64.Build.0 = Debug|x64
		{B883DB29-FE02-48D4-AC72-D86D867ABD66}.Debug|x86.ActiveCfg = Debug|Win32
		{B883DB29-FE02-48D4-AC72-D86D867ABD66}.Debug|x86.Build.0 = Debug|Win32
		{B883DB29-FE02-48D4-AC72-D86D867ABD66}.Release|x64.ActiveCfg = Release|x64
		{B883DB29-FE02-48D4-AC72-D86D867ABD66}.Release|x64.Build.0 = Release|x64
		{B883DB29-FE02-48D4-AC72-D86D867ABD66}.Release|x86.ActiveCfg = Release|Win32
		{B883DB29-FE02-48D4-AC72-D86D867ABD66}.Release|x86.Build.0 = Release|Win32
		{99B52F3A-17E6-4FF1-985C-F92EC3380E48}.Debug|x64.ActiveCfg = Debug|x64
		{99B52F3A-17E6-4FF1-985C-F92EC3380E48}.Debug|x64.Build.0 = Debug|x64
		{99B52F3A-17E6-4FF1-985C-F92EC3380E48}.Debug|x86.ActiveCfg = Debug|Win32
		{99B52F3A-17E6-4FF1-985C-F92EC3380E48}.Debug|x86.Build.0 = Debug|Win32
		{99B52F3A-17E6-4FF1-985C-F92EC3380E48}.Release|x64.ActiveCfg = Release|x64
		{99B52F3A-17E6-4FF1-985C-F92EC3380E48}.Release|x64.Build.0 = Release|x64
		{99B52F3A-17E6-4FF1-985C-F92EC3380E48}.Release|x86.ActiveCfg = Release|Win32
		{99B52F3A-17E6-4FF1-985C-F92EC3380E48}.Release|x86.Build.0 = Release|Win32
		{1DDE51EA-90C9-4151-A584-292E06EB37F4}.Debug|x64.ActiveCfg = Debug|x64
		{1DDE51EA-90C9-4151-A584-292E06EB37F4}.Debug|x64.Build.0 = Debug|x64
		{1DDE51EA-90C9-4151-A584-292E06EB37F4}.Debug|x86.ActiveCfg = Debug|Win32
		{1DDE51EA-90C9-4151-A584-292E06EB37F4}.Debug|x86.Build.0 = Debug|Win32
		{1DDE51EA-90C9-4151-A584-292E06EB37F4}.Release|x64.ActiveCfg = Release|x64
		{1DDE51EA-90C9-4151-A584-292E06EB37F4}.Release|x64.Build.0 = Release|x64
		{1DDE51EA-90C9-4151-A584-292E06EB37F4}.Release|x86.ActiveCfg = Release|Win32
		{1DDE51EA-90C9-4151-A584-292E06EB37F4}.Release|x86.Build.0 = Release|Win32
		{68F468B5-A009-4AE1-AA6F-67E79FA330F7}.Debug|x64.ActiveCfg = Debug|x64
		{68F468B5-A009-4AE1-AA6F-67E79FA330F7}.Debug|x64.Build.0 = Debug|x64
		{68F468B5-A009-4AE1-AA6F-67E79FA330F7}.Debug|x86.ActiveCfg = Debug|Win32
		{68F468B5-A009-4AE1-AA6F-67E79FA330F7}.Debug|x86.Build.0 = Debug|Win32
		{68F468B5-A009-4AE1-AA6F-67E79FA330F7}.Release|x64.ActiveCfg = Release|x64
		{68F468B5-A009-4AE1-AA6F-67E79FA330F7}.Release|x64.Build.0 = Release|x64
		{68F468B5-A009-4AE1-AA6F-67E79FA330F7}.Release|x86.ActiveCfg = Release|Win32
		{68F468B5-A009-4AE1-AA6F-67E79FA330F7}.Release|x86.Build.0 = Release|Win32
		{2C704C2F-9D43-4057-BDF6-6D77144B666C}.Debug|x64.ActiveCfg = Debug|x64
		{2C704C2F-9D43-4057-BDF6-6D77144B666C}.Debug|x64.Build.0 = Debug|x64
		{2C704C2F-9D43-4057-BDF6-6D77144B666C}.Debug|x86.ActiveCfg = Debug|Win32
		{2C704C2F-9D43-4057-BDF6-6D77144B666C}.Debug|x86.Build.0 = Debug|Win32
		{2C704C2F-9D43-4057-BDF6-6D77144B666C}.Release|x64.ActiveCfg = Release|x64
		{2C704C2F-9D43-4057-BDF6-6D77144B666C}.Release|x64.Build.0 = Release|x64
		{2C704C2F-9D43-4057-BDF6-6D77144B666C}.Release|x86.ActiveCfg = Release|Win32
		{2C704C2F-9D43-4057-BDF6-6D77144B666C}.Release|x86.Build.0 = Release|Win32
		{8F6A1A91-35DD-4360-8C78-7DB13D05AF5F}.Debug|x64.ActiveCfg = Debug|x64
		{8F6A1A91-35DD-4360-8C78-7DB13D05AF5F}.Debug|x64.Build.0 = Debug|x64
		{8F6A1A91-35DD-4360-8C78-7DB13D05AF5F}.Debug|x86.ActiveCfg = Debug|Win32
		{8F6A1A91-35DD-4360-8C78-7DB13D05AF5F}.Debug|x86.Build.0 = Debug|Win32
		{8F6A1A91-35DD-4360-8C78-7DB13D05AF5F}.Release|x64.ActiveCfg = Release|x64
		{8F6A1A91-35DD-4360-8C78-7DB13D05AF5F}.Release|x64.Build.0 = Release|x64
		{8F6A1A91-35DD-4360-8C78-7DB13D05AF5F}.Release|x86.ActiveCfg = Release|Win32
		{8F6A1A91-35DD-4360-8C78-7DB13D05AF5F}.Release|x86.Build.0 = Release|Win32
		{1EA7D534-5BAE-4EFB-A716-D8F7309A0296}.Debug|x64.ActiveCfg = Debug|x64
		{1EA7D534-5BAE-4EFB-A716-D8F7309A0296}.Debug|x64.Build.0 = Debug|x64
		{1EA7D534-5BAE-4EFB-A716-D8F7309A0296}.Debug|x86.ActiveCfg = Debug|Win32
		{1EA7D534-5BAE-4EFB-A716-D8F7309A0296}.Debug|x86.Build.0 = Debug|Win32
		{1EA7D534-5BAE-4EFB-A716-D8F7309A0296}.Release|x64.ActiveCfg = Release|x64
		{1EA7D534-5BAE-4EFB-A716-D8F7309A0296}.Release|x64.Build.0 = Release|x64
		{1EA7D534-5BAE-4EFB-A716-D8F7309A0296}.Release|x86.ActiveCfg = Release|Win32
		{1EA7D534-5BAE-4EFB-A716-D8F7309A0296}.Release|x86.Build.0 = Release|Win32
	EndGlobalSection
	GlobalSection(SolutionProperties) = preSolution
		HideSolutionNode = FALSE
	EndGlobalSection
EndGlobal
