
Microsoft Visual Studio Solution File, Format Version 12.00
# Visual Studio 14
VisualStudioVersion = 14.0.25420.1
MinimumVisualStudioVersion = 10.0.40219.1
Project("{8BC9CEB8-8B4A-11D0-8D11-00A0C91BC942}") = "1", "5th C Project\5th C Project.vcxproj", "{AC4BECBC-624A-4408-849A-76299A65E974}"
EndProject
Project("{8BC9CEB8-8B4A-11D0-8D11-00A0C91BC942}") = "2", "2\2.vcxproj", "{A39F7ABD-C668-40BA-B7BF-3792DFB8A49F}"
EndProject
Project("{8BC9CEB8-8B4A-11D0-8D11-00A0C91BC942}") = "3", "3\3.vcxproj", "{BB388723-E0DC-46B3-B27A-385B79215908}"
EndProject
Project("{8BC9CEB8-8B4A-11D0-8D11-00A0C91BC942}") = "4", "4\4.vcxproj", "{8D902A6C-6ADC-47E1-93DD-074A704D8083}"
EndProject
Project("{8BC9CEB8-8B4A-11D0-8D11-00A0C91BC942}") = "5", "5\5.vcxproj", "{21090E99-AC23-4F61-99EF-212B8DC85BD2}"
EndProject
Project("{8BC9CEB8-8B4A-11D0-8D11-00A0C91BC942}") = "6", "6\6.vcxproj", "{D8784E78-AB99-4308-98DF-37EC85987424}"
EndProject
Project("{8BC9CEB8-8B4A-11D0-8D11-00A0C91BC942}") = "7", "7\7.vcxproj", "{3917F728-8FEE-472C-B119-471164746389}"
EndProject
Project("{8BC9CEB8-8B4A-11D0-8D11-00A0C91BC942}") = "8", "8\8.vcxproj", "{EA94A79B-4E8C-4AD2-B0FE-4B0FD91A7649}"
EndProject
Project("{8BC9CEB8-8B4A-11D0-8D11-00A0C91BC942}") = "9", "9\9.vcxproj", "{42806A8B-2F92-4E2D-B001-414E998FFD45}"
EndProject
Project("{8BC9CEB8-8B4A-11D0-8D11-00A0C91BC942}") = "10", "10\10.vcxproj", "{B3EC61E2-29F2-46CE-9382-307CBB713407}"
EndProject
Project("{8BC9CEB8-8B4A-11D0-8D11-00A0C91BC942}") = "11", "11\11.vcxproj", "{0E55AC50-9666-4C8D-8473-A4011C863CE9}"
EndProject
Project("{8BC9CEB8-8B4A-11D0-8D11-00A0C91BC942}") = "12", "12\12.vcxproj", "{164AB29E-0B3B-4DE0-9746-68A801DF72B7}"
EndProject
Project("{8BC9CEB8-8B4A-11D0-8D11-00A0C91BC942}") = "13", "13\13.vcxproj", "{EF4B0B8B-6063-44CC-8A39-CB10912E66F4}"
EndProject
Project("{8BC9CEB8-8B4A-11D0-8D11-00A0C91BC942}") = "14", "14\14.vcxproj", "{1984775E-7FD5-40E4-859C-28B0414857E6}"
EndProject
Global
	GlobalSection(SolutionConfigurationPlatforms) = preSolution
		Debug|x64 = Debug|x64
		Debug|x86 = Debug|x86
		Release|x64 = Release|x64
		Release|x86 = Release|x86
	EndGlobalSection
	GlobalSection(ProjectConfigurationPlatforms) = postSolution
		{AC4BECBC-624A-4408-849A-76299A65E974}.Debug|x64.ActiveCfg = Debug|x64
		{AC4BECBC-624A-4408-849A-76299A65E974}.Debug|x64.Build.0 = Debug|x64
		{AC4BECBC-624A-4408-849A-76299A65E974}.Debug|x86.ActiveCfg = Debug|Win32
		{AC4BECBC-624A-4408-849A-76299A65E974}.Debug|x86.Build.0 = Debug|Win32
		{AC4BECBC-624A-4408-849A-76299A65E974}.Release|x64.ActiveCfg = Release|x64
		{AC4BECBC-624A-4408-849A-76299A65E974}.Release|x64.Build.0 = Release|x64
		{AC4BECBC-624A-4408-849A-76299A65E974}.Release|x86.ActiveCfg = Release|Win32
		{AC4BECBC-624A-4408-849A-76299A65E974}.Release|x86.Build.0 = Release|Win32
		{A39F7ABD-C668-40BA-B7BF-3792DFB8A49F}.Debug|x64.ActiveCfg = Debug|x64
		{A39F7ABD-C668-40BA-B7BF-3792DFB8A49F}.Debug|x64.Build.0 = Debug|x64
		{A39F7ABD-C668-40BA-B7BF-3792DFB8A49F}.Debug|x86.ActiveCfg = Debug|Win32
		{A39F7ABD-C668-40BA-B7BF-3792DFB8A49F}.Debug|x86.Build.0 = Debug|Win32
		{A39F7ABD-C668-40BA-B7BF-3792DFB8A49F}.Release|x64.ActiveCfg = Release|x64
		{A39F7ABD-C668-40BA-B7BF-3792DFB8A49F}.Release|x64.Build.0 = Release|x64
		{A39F7ABD-C668-40BA-B7BF-3792DFB8A49F}.Release|x86.ActiveCfg = Release|Win32
		{A39F7ABD-C668-40BA-B7BF-3792DFB8A49F}.Release|x86.Build.0 = Release|Win32
		{BB388723-E0DC-46B3-B27A-385B79215908}.Debug|x64.ActiveCfg = Debug|x64
		{BB388723-E0DC-46B3-B27A-385B79215908}.Debug|x64.Build.0 = Debug|x64
		{BB388723-E0DC-46B3-B27A-385B79215908}.Debug|x86.ActiveCfg = Debug|Win32
		{BB388723-E0DC-46B3-B27A-385B79215908}.Debug|x86.Build.0 = Debug|Win32
		{BB388723-E0DC-46B3-B27A-385B79215908}.Release|x64.ActiveCfg = Release|x64
		{BB388723-E0DC-46B3-B27A-385B79215908}.Release|x64.Build.0 = Release|x64
		{BB388723-E0DC-46B3-B27A-385B79215908}.Release|x86.ActiveCfg = Release|Win32
		{BB388723-E0DC-46B3-B27A-385B79215908}.Release|x86.Build.0 = Release|Win32
		{8D902A6C-6ADC-47E1-93DD-074A704D8083}.Debug|x64.ActiveCfg = Debug|x64
		{8D902A6C-6ADC-47E1-93DD-074A704D8083}.Debug|x64.Build.0 = Debug|x64
		{8D902A6C-6ADC-47E1-93DD-074A704D8083}.Debug|x86.ActiveCfg = Debug|Win32
		{8D902A6C-6ADC-47E1-93DD-074A704D8083}.Debug|x86.Build.0 = Debug|Win32
		{8D902A6C-6ADC-47E1-93DD-074A704D8083}.Release|x64.ActiveCfg = Release|x64
		{8D902A6C-6ADC-47E1-93DD-074A704D8083}.Release|x64.Build.0 = Release|x64
		{8D902A6C-6ADC-47E1-93DD-074A704D8083}.Release|x86.ActiveCfg = Release|Win32
		{8D902A6C-6ADC-47E1-93DD-074A704D8083}.Release|x86.Build.0 = Release|Win32
		{21090E99-AC23-4F61-99EF-212B8DC85BD2}.Debug|x64.ActiveCfg = Debug|x64
		{21090E99-AC23-4F61-99EF-212B8DC85BD2}.Debug|x64.Build.0 = Debug|x64
		{21090E99-AC23-4F61-99EF-212B8DC85BD2}.Debug|x86.ActiveCfg = Debug|Win32
		{21090E99-AC23-4F61-99EF-212B8DC85BD2}.Debug|x86.Build.0 = Debug|Win32
		{21090E99-AC23-4F61-99EF-212B8DC85BD2}.Release|x64.ActiveCfg = Release|x64
		{21090E99-AC23-4F61-99EF-212B8DC85BD2}.Release|x64.Build.0 = Release|x64
		{21090E99-AC23-4F61-99EF-212B8DC85BD2}.Release|x86.ActiveCfg = Release|Win32
		{21090E99-AC23-4F61-99EF-212B8DC85BD2}.Release|x86.Build.0 = Release|Win32
		{D8784E78-AB99-4308-98DF-37EC85987424}.Debug|x64.ActiveCfg = Debug|x64
		{D8784E78-AB99-4308-98DF-37EC85987424}.Debug|x64.Build.0 = Debug|x64
		{D8784E78-AB99-4308-98DF-37EC85987424}.Debug|x86.ActiveCfg = Debug|Win32
		{D8784E78-AB99-4308-98DF-37EC85987424}.Debug|x86.Build.0 = Debug|Win32
		{D8784E78-AB99-4308-98DF-37EC85987424}.Release|x64.ActiveCfg = Release|x64
		{D8784E78-AB99-4308-98DF-37EC85987424}.Release|x64.Build.0 = Release|x64
		{D8784E78-AB99-4308-98DF-37EC85987424}.Release|x86.ActiveCfg = Release|Win32
		{D8784E78-AB99-4308-98DF-37EC85987424}.Release|x86.Build.0 = Release|Win32
		{3917F728-8FEE-472C-B119-471164746389}.Debug|x64.ActiveCfg = Debug|x64
		{3917F728-8FEE-472C-B119-471164746389}.Debug|x64.Build.0 = Debug|x64
		{3917F728-8FEE-472C-B119-471164746389}.Debug|x86.ActiveCfg = Debug|Win32
		{3917F728-8FEE-472C-B119-471164746389}.Debug|x86.Build.0 = Debug|Win32
		{3917F728-8FEE-472C-B119-471164746389}.Release|x64.ActiveCfg = Release|x64
		{3917F728-8FEE-472C-B119-471164746389}.Release|x64.Build.0 = Release|x64
		{3917F728-8FEE-472C-B119-471164746389}.Release|x86.ActiveCfg = Release|Win32
		{3917F728-8FEE-472C-B119-471164746389}.Release|x86.Build.0 = Release|Win32
		{EA94A79B-4E8C-4AD2-B0FE-4B0FD91A7649}.Debug|x64.ActiveCfg = Debug|x64
		{EA94A79B-4E8C-4AD2-B0FE-4B0FD91A7649}.Debug|x64.Build.0 = Debug|x64
		{EA94A79B-4E8C-4AD2-B0FE-4B0FD91A7649}.Debug|x86.ActiveCfg = Debug|Win32
		{EA94A79B-4E8C-4AD2-B0FE-4B0FD91A7649}.Debug|x86.Build.0 = Debug|Win32
		{EA94A79B-4E8C-4AD2-B0FE-4B0FD91A7649}.Release|x64.ActiveCfg = Release|x64
		{EA94A79B-4E8C-4AD2-B0FE-4B0FD91A7649}.Release|x64.Build.0 = Release|x64
		{EA94A79B-4E8C-4AD2-B0FE-4B0FD91A7649}.Release|x86.ActiveCfg = Release|Win32
		{EA94A79B-4E8C-4AD2-B0FE-4B0FD91A7649}.Release|x86.Build.0 = Release|Win32
		{42806A8B-2F92-4E2D-B001-414E998FFD45}.Debug|x64.ActiveCfg = Debug|x64
		{42806A8B-2F92-4E2D-B001-414E998FFD45}.Debug|x64.Build.0 = Debug|x64
		{42806A8B-2F92-4E2D-B001-414E998FFD45}.Debug|x86.ActiveCfg = Debug|Win32
		{42806A8B-2F92-4E2D-B001-414E998FFD45}.Debug|x86.Build.0 = Debug|Win32
		{42806A8B-2F92-4E2D-B001-414E998FFD45}.Release|x64.ActiveCfg = Release|x64
		{42806A8B-2F92-4E2D-B001-414E998FFD45}.Release|x64.Build.0 = Release|x64
		{42806A8B-2F92-4E2D-B001-414E998FFD45}.Release|x86.ActiveCfg = Release|Win32
		{42806A8B-2F92-4E2D-B001-414E998FFD45}.Release|x86.Build.0 = Release|Win32
		{B3EC61E2-29F2-46CE-9382-307CBB713407}.Debug|x64.ActiveCfg = Debug|x64
		{B3EC61E2-29F2-46CE-9382-307CBB713407}.Debug|x64.Build.0 = Debug|x64
		{B3EC61E2-29F2-46CE-9382-307CBB713407}.Debug|x86.ActiveCfg = Debug|Win32
		{B3EC61E2-29F2-46CE-9382-307CBB713407}.Debug|x86.Build.0 = Debug|Win32
		{B3EC61E2-29F2-46CE-9382-307CBB713407}.Release|x64.ActiveCfg = Release|x64
		{B3EC61E2-29F2-46CE-9382-307CBB713407}.Release|x64.Build.0 = Release|x64
		{B3EC61E2-29F2-46CE-9382-307CBB713407}.Release|x86.ActiveCfg = Release|Win32
		{B3EC61E2-29F2-46CE-9382-307CBB713407}.Release|x86.Build.0 = Release|Win32
		{0E55AC50-9666-4C8D-8473-A4011C863CE9}.Debug|x64.ActiveCfg = Debug|x64
		{0E55AC50-9666-4C8D-8473-A4011C863CE9}.Debug|x64.Build.0 = Debug|x64
		{0E55AC50-9666-4C8D-8473-A4011C863CE9}.Debug|x86.ActiveCfg = Debug|Win32
		{0E55AC50-9666-4C8D-8473-A4011C863CE9}.Debug|x86.Build.0 = Debug|Win32
		{0E55AC50-9666-4C8D-8473-A4011C863CE9}.Release|x64.ActiveCfg = Release|x64
		{0E55AC50-9666-4C8D-8473-A4011C863CE9}.Release|x64.Build.0 = Release|x64
		{0E55AC50-9666-4C8D-8473-A4011C863CE9}.Release|x86.ActiveCfg = Release|Win32
		{0E55AC50-9666-4C8D-8473-A4011C863CE9}.Release|x86.Build.0 = Release|Win32
		{164AB29E-0B3B-4DE0-9746-68A801DF72B7}.Debug|x64.ActiveCfg = Debug|x64
		{164AB29E-0B3B-4DE0-9746-68A801DF72B7}.Debug|x64.Build.0 = Debug|x64
		{164AB29E-0B3B-4DE0-9746-68A801DF72B7}.Debug|x86.ActiveCfg = Debug|Win32
		{164AB29E-0B3B-4DE0-9746-68A801DF72B7}.Debug|x86.Build.0 = Debug|Win32
		{164AB29E-0B3B-4DE0-9746-68A801DF72B7}.Release|x64.ActiveCfg = Release|x64
		{164AB29E-0B3B-4DE0-9746-68A801DF72B7}.Release|x64.Build.0 = Release|x64
		{164AB29E-0B3B-4DE0-9746-68A801DF72B7}.Release|x86.ActiveCfg = Release|Win32
		{164AB29E-0B3B-4DE0-9746-68A801DF72B7}.Release|x86.Build.0 = Release|Win32
		{EF4B0B8B-6063-44CC-8A39-CB10912E66F4}.Debug|x64.ActiveCfg = Debug|x64
		{EF4B0B8B-6063-44CC-8A39-CB10912E66F4}.Debug|x64.Build.0 = Debug|x64
		{EF4B0B8B-6063-44CC-8A39-CB10912E66F4}.Debug|x86.ActiveCfg = Debug|Win32
		{EF4B0B8B-6063-44CC-8A39-CB10912E66F4}.Debug|x86.Build.0 = Debug|Win32
		{EF4B0B8B-6063-44CC-8A39-CB10912E66F4}.Release|x64.ActiveCfg = Release|x64
		{EF4B0B8B-6063-44CC-8A39-CB10912E66F4}.Release|x64.Build.0 = Release|x64
		{EF4B0B8B-6063-44CC-8A39-CB10912E66F4}.Release|x86.ActiveCfg = Release|Win32
		{EF4B0B8B-6063-44CC-8A39-CB10912E66F4}.Release|x86.Build.0 = Release|Win32
		{1984775E-7FD5-40E4-859C-28B0414857E6}.Debug|x64.ActiveCfg = Debug|x64
		{1984775E-7FD5-40E4-859C-28B0414857E6}.Debug|x64.Build.0 = Debug|x64
		{1984775E-7FD5-40E4-859C-28B0414857E6}.Debug|x86.ActiveCfg = Debug|Win32
		{1984775E-7FD5-40E4-859C-28B0414857E6}.Debug|x86.Build.0 = Debug|Win32
		{1984775E-7FD5-40E4-859C-28B0414857E6}.Release|x64.ActiveCfg = Release|x64
		{1984775E-7FD5-40E4-859C-28B0414857E6}.Release|x64.Build.0 = Release|x64
		{1984775E-7FD5-40E4-859C-28B0414857E6}.Release|x86.ActiveCfg = Release|Win32
		{1984775E-7FD5-40E4-859C-28B0414857E6}.Release|x86.Build.0 = Release|Win32
	EndGlobalSection
	GlobalSection(SolutionProperties) = preSolution
		HideSolutionNode = FALSE
	EndGlobalSection
EndGlobal
