
Microsoft Visual Studio Solution File, Format Version 12.00
# Visual Studio 14
VisualStudioVersion = 14.0.25420.1
MinimumVisualStudioVersion = 10.0.40219.1
Project("{8BC9CEB8-8B4A-11D0-8D11-00A0C91BC942}") = "Prj01", "Prj01\Prj01.vcxproj", "{2B2D5D96-02C9-4084-90DA-EDBF55038644}"
EndProject
Project("{8BC9CEB8-8B4A-11D0-8D11-00A0C91BC942}") = "Prj02", "cel2far3.c\cel2far3.c.vcxproj", "{2092CE45-57B9-44E3-BD34-66A1B65CE7CB}"
EndProject
Project("{8BC9CEB8-8B4A-11D0-8D11-00A0C91BC942}") = "Prj03", "onebyte.c\onebyte.c.vcxproj", "{89C83A67-39C2-463D-B98D-F87B20F704E1}"
EndProject
Project("{8BC9CEB8-8B4A-11D0-8D11-00A0C91BC942}") = "Prj04", "whilebasic.c\whilebasic.c.vcxproj", "{DBE90125-C573-47EE-A835-3977B6587059}"
EndProject
Project("{8BC9CEB8-8B4A-11D0-8D11-00A0C91BC942}") = "Prj05", "Prj05\Prj05.vcxproj", "{1A6FC410-8034-4E89-A69C-EFA4D9D30BB8}"
EndProject
Project("{8BC9CEB8-8B4A-11D0-8D11-00A0C91BC942}") = "Prj06", "Prj06\Prj06.vcxproj", "{EF5411B8-D0FE-4E73-B6CA-86331A60F226}"
EndProject
Project("{8BC9CEB8-8B4A-11D0-8D11-00A0C91BC942}") = "Prj07", "Prj07\Prj07.vcxproj", "{6B6F830A-3755-4875-A3A4-D38068DA0525}"
EndProject
Project("{8BC9CEB8-8B4A-11D0-8D11-00A0C91BC942}") = "Prj08", "Prj08\Prj08.vcxproj", "{AE73A79B-67F1-4600-A27F-45FF770FF6E2}"
EndProject
Project("{8BC9CEB8-8B4A-11D0-8D11-00A0C91BC942}") = "Prj09", "Prj09\Prj09.vcxproj", "{CB967D47-D95B-4782-B4ED-54C731E8392A}"
EndProject
Project("{8BC9CEB8-8B4A-11D0-8D11-00A0C91BC942}") = "Prj10", "Prj10\Prj10.vcxproj", "{427A0FA2-A037-45F4-91BD-0927B44772C3}"
EndProject
Project("{8BC9CEB8-8B4A-11D0-8D11-00A0C91BC942}") = "Prj11", "Prj11\Prj11.vcxproj", "{88C0EB2F-0977-4332-99A8-1198F5597B50}"
EndProject
Project("{8BC9CEB8-8B4A-11D0-8D11-00A0C91BC942}") = "Prj12", "Prj12\Prj12.vcxproj", "{D6302018-08A0-4201-AA2A-B7A12D5FC154}"
EndProject
Global
	GlobalSection(SolutionConfigurationPlatforms) = preSolution
		Debug|x64 = Debug|x64
		Debug|x86 = Debug|x86
		Release|x64 = Release|x64
		Release|x86 = Release|x86
	EndGlobalSection
	GlobalSection(ProjectConfigurationPlatforms) = postSolution
		{2B2D5D96-02C9-4084-90DA-EDBF55038644}.Debug|x64.ActiveCfg = Debug|x64
		{2B2D5D96-02C9-4084-90DA-EDBF55038644}.Debug|x64.Build.0 = Debug|x64
		{2B2D5D96-02C9-4084-90DA-EDBF55038644}.Debug|x86.ActiveCfg = Debug|Win32
		{2B2D5D96-02C9-4084-90DA-EDBF55038644}.Debug|x86.Build.0 = Debug|Win32
		{2B2D5D96-02C9-4084-90DA-EDBF55038644}.Release|x64.ActiveCfg = Release|x64
		{2B2D5D96-02C9-4084-90DA-EDBF55038644}.Release|x64.Build.0 = Release|x64
		{2B2D5D96-02C9-4084-90DA-EDBF55038644}.Release|x86.ActiveCfg = Release|Win32
		{2B2D5D96-02C9-4084-90DA-EDBF55038644}.Release|x86.Build.0 = Release|Win32
		{2092CE45-57B9-44E3-BD34-66A1B65CE7CB}.Debug|x64.ActiveCfg = Debug|x64
		{2092CE45-57B9-44E3-BD34-66A1B65CE7CB}.Debug|x64.Build.0 = Debug|x64
		{2092CE45-57B9-44E3-BD34-66A1B65CE7CB}.Debug|x86.ActiveCfg = Debug|Win32
		{2092CE45-57B9-44E3-BD34-66A1B65CE7CB}.Debug|x86.Build.0 = Debug|Win32
		{2092CE45-57B9-44E3-BD34-66A1B65CE7CB}.Release|x64.ActiveCfg = Release|x64
		{2092CE45-57B9-44E3-BD34-66A1B65CE7CB}.Release|x64.Build.0 = Release|x64
		{2092CE45-57B9-44E3-BD34-66A1B65CE7CB}.Release|x86.ActiveCfg = Release|Win32
		{2092CE45-57B9-44E3-BD34-66A1B65CE7CB}.Release|x86.Build.0 = Release|Win32
		{89C83A67-39C2-463D-B98D-F87B20F704E1}.Debug|x64.ActiveCfg = Debug|x64
		{89C83A67-39C2-463D-B98D-F87B20F704E1}.Debug|x64.Build.0 = Debug|x64
		{89C83A67-39C2-463D-B98D-F87B20F704E1}.Debug|x86.ActiveCfg = Debug|Win32
		{89C83A67-39C2-463D-B98D-F87B20F704E1}.Debug|x86.Build.0 = Debug|Win32
		{89C83A67-39C2-463D-B98D-F87B20F704E1}.Release|x64.ActiveCfg = Release|x64
		{89C83A67-39C2-463D-B98D-F87B20F704E1}.Release|x64.Build.0 = Release|x64
		{89C83A67-39C2-463D-B98D-F87B20F704E1}.Release|x86.ActiveCfg = Release|Win32
		{89C83A67-39C2-463D-B98D-F87B20F704E1}.Release|x86.Build.0 = Release|Win32
		{DBE90125-C573-47EE-A835-3977B6587059}.Debug|x64.ActiveCfg = Debug|x64
		{DBE90125-C573-47EE-A835-3977B6587059}.Debug|x64.Build.0 = Debug|x64
		{DBE90125-C573-47EE-A835-3977B6587059}.Debug|x86.ActiveCfg = Debug|Win32
		{DBE90125-C573-47EE-A835-3977B6587059}.Debug|x86.Build.0 = Debug|Win32
		{DBE90125-C573-47EE-A835-3977B6587059}.Release|x64.ActiveCfg = Release|x64
		{DBE90125-C573-47EE-A835-3977B6587059}.Release|x64.Build.0 = Release|x64
		{DBE90125-C573-47EE-A835-3977B6587059}.Release|x86.ActiveCfg = Release|Win32
		{DBE90125-C573-47EE-A835-3977B6587059}.Release|x86.Build.0 = Release|Win32
		{1A6FC410-8034-4E89-A69C-EFA4D9D30BB8}.Debug|x64.ActiveCfg = Debug|x64
		{1A6FC410-8034-4E89-A69C-EFA4D9D30BB8}.Debug|x64.Build.0 = Debug|x64
		{1A6FC410-8034-4E89-A69C-EFA4D9D30BB8}.Debug|x86.ActiveCfg = Debug|Win32
		{1A6FC410-8034-4E89-A69C-EFA4D9D30BB8}.Debug|x86.Build.0 = Debug|Win32
		{1A6FC410-8034-4E89-A69C-EFA4D9D30BB8}.Release|x64.ActiveCfg = Release|x64
		{1A6FC410-8034-4E89-A69C-EFA4D9D30BB8}.Release|x64.Build.0 = Release|x64
		{1A6FC410-8034-4E89-A69C-EFA4D9D30BB8}.Release|x86.ActiveCfg = Release|Win32
		{1A6FC410-8034-4E89-A69C-EFA4D9D30BB8}.Release|x86.Build.0 = Release|Win32
		{EF5411B8-D0FE-4E73-B6CA-86331A60F226}.Debug|x64.ActiveCfg = Debug|x64
		{EF5411B8-D0FE-4E73-B6CA-86331A60F226}.Debug|x64.Build.0 = Debug|x64
		{EF5411B8-D0FE-4E73-B6CA-86331A60F226}.Debug|x86.ActiveCfg = Debug|Win32
		{EF5411B8-D0FE-4E73-B6CA-86331A60F226}.Debug|x86.Build.0 = Debug|Win32
		{EF5411B8-D0FE-4E73-B6CA-86331A60F226}.Release|x64.ActiveCfg = Release|x64
		{EF5411B8-D0FE-4E73-B6CA-86331A60F226}.Release|x64.Build.0 = Release|x64
		{EF5411B8-D0FE-4E73-B6CA-86331A60F226}.Release|x86.ActiveCfg = Release|Win32
		{EF5411B8-D0FE-4E73-B6CA-86331A60F226}.Release|x86.Build.0 = Release|Win32
		{6B6F830A-3755-4875-A3A4-D38068DA0525}.Debug|x64.ActiveCfg = Debug|x64
		{6B6F830A-3755-4875-A3A4-D38068DA0525}.Debug|x64.Build.0 = Debug|x64
		{6B6F830A-3755-4875-A3A4-D38068DA0525}.Debug|x86.ActiveCfg = Debug|Win32
		{6B6F830A-3755-4875-A3A4-D38068DA0525}.Debug|x86.Build.0 = Debug|Win32
		{6B6F830A-3755-4875-A3A4-D38068DA0525}.Release|x64.ActiveCfg = Release|x64
		{6B6F830A-3755-4875-A3A4-D38068DA0525}.Release|x64.Build.0 = Release|x64
		{6B6F830A-3755-4875-A3A4-D38068DA0525}.Release|x86.ActiveCfg = Release|Win32
		{6B6F830A-3755-4875-A3A4-D38068DA0525}.Release|x86.Build.0 = Release|Win32
		{AE73A79B-67F1-4600-A27F-45FF770FF6E2}.Debug|x64.ActiveCfg = Debug|x64
		{AE73A79B-67F1-4600-A27F-45FF770FF6E2}.Debug|x64.Build.0 = Debug|x64
		{AE73A79B-67F1-4600-A27F-45FF770FF6E2}.Debug|x86.ActiveCfg = Debug|Win32
		{AE73A79B-67F1-4600-A27F-45FF770FF6E2}.Debug|x86.Build.0 = Debug|Win32
		{AE73A79B-67F1-4600-A27F-45FF770FF6E2}.Release|x64.ActiveCfg = Release|x64
		{AE73A79B-67F1-4600-A27F-45FF770FF6E2}.Release|x64.Build.0 = Release|x64
		{AE73A79B-67F1-4600-A27F-45FF770FF6E2}.Release|x86.ActiveCfg = Release|Win32
		{AE73A79B-67F1-4600-A27F-45FF770FF6E2}.Release|x86.Build.0 = Release|Win32
		{CB967D47-D95B-4782-B4ED-54C731E8392A}.Debug|x64.ActiveCfg = Debug|x64
		{CB967D47-D95B-4782-B4ED-54C731E8392A}.Debug|x64.Build.0 = Debug|x64
		{CB967D47-D95B-4782-B4ED-54C731E8392A}.Debug|x86.ActiveCfg = Debug|Win32
		{CB967D47-D95B-4782-B4ED-54C731E8392A}.Debug|x86.Build.0 = Debug|Win32
		{CB967D47-D95B-4782-B4ED-54C731E8392A}.Release|x64.ActiveCfg = Release|x64
		{CB967D47-D95B-4782-B4ED-54C731E8392A}.Release|x64.Build.0 = Release|x64
		{CB967D47-D95B-4782-B4ED-54C731E8392A}.Release|x86.ActiveCfg = Release|Win32
		{CB967D47-D95B-4782-B4ED-54C731E8392A}.Release|x86.Build.0 = Release|Win32
		{427A0FA2-A037-45F4-91BD-0927B44772C3}.Debug|x64.ActiveCfg = Debug|x64
		{427A0FA2-A037-45F4-91BD-0927B44772C3}.Debug|x64.Build.0 = Debug|x64
		{427A0FA2-A037-45F4-91BD-0927B44772C3}.Debug|x86.ActiveCfg = Debug|Win32
		{427A0FA2-A037-45F4-91BD-0927B44772C3}.Debug|x86.Build.0 = Debug|Win32
		{427A0FA2-A037-45F4-91BD-0927B44772C3}.Release|x64.ActiveCfg = Release|x64
		{427A0FA2-A037-45F4-91BD-0927B44772C3}.Release|x64.Build.0 = Release|x64
		{427A0FA2-A037-45F4-91BD-0927B44772C3}.Release|x86.ActiveCfg = Release|Win32
		{427A0FA2-A037-45F4-91BD-0927B44772C3}.Release|x86.Build.0 = Release|Win32
		{88C0EB2F-0977-4332-99A8-1198F5597B50}.Debug|x64.ActiveCfg = Debug|x64
		{88C0EB2F-0977-4332-99A8-1198F5597B50}.Debug|x64.Build.0 = Debug|x64
		{88C0EB2F-0977-4332-99A8-1198F5597B50}.Debug|x86.ActiveCfg = Debug|Win32
		{88C0EB2F-0977-4332-99A8-1198F5597B50}.Debug|x86.Build.0 = Debug|Win32
		{88C0EB2F-0977-4332-99A8-1198F5597B50}.Release|x64.ActiveCfg = Release|x64
		{88C0EB2F-0977-4332-99A8-1198F5597B50}.Release|x64.Build.0 = Release|x64
		{88C0EB2F-0977-4332-99A8-1198F5597B50}.Release|x86.ActiveCfg = Release|Win32
		{88C0EB2F-0977-4332-99A8-1198F5597B50}.Release|x86.Build.0 = Release|Win32
		{D6302018-08A0-4201-AA2A-B7A12D5FC154}.Debug|x64.ActiveCfg = Debug|x64
		{D6302018-08A0-4201-AA2A-B7A12D5FC154}.Debug|x64.Build.0 = Debug|x64
		{D6302018-08A0-4201-AA2A-B7A12D5FC154}.Debug|x86.ActiveCfg = Debug|Win32
		{D6302018-08A0-4201-AA2A-B7A12D5FC154}.Debug|x86.Build.0 = Debug|Win32
		{D6302018-08A0-4201-AA2A-B7A12D5FC154}.Release|x64.ActiveCfg = Release|x64
		{D6302018-08A0-4201-AA2A-B7A12D5FC154}.Release|x64.Build.0 = Release|x64
		{D6302018-08A0-4201-AA2A-B7A12D5FC154}.Release|x86.ActiveCfg = Release|Win32
		{D6302018-08A0-4201-AA2A-B7A12D5FC154}.Release|x86.Build.0 = Release|Win32
	EndGlobalSection
	GlobalSection(SolutionProperties) = preSolution
		HideSolutionNode = FALSE
	EndGlobalSection
EndGlobal
